{
  "R": {
    "Version": "4.2.2",
    "Repositories": [
      {
        "Name": "CRAN",
        "URL": "https://packagemanager.rstudio.com/cran/latest"
      }
    ]
  },
  "Packages": {
    "MASS": {
      "Package": "MASS",
      "Version": "7.3-58.1",
      "Source": "Repository",
      "Repository": "CRAN",
      "Hash": "762e1804143a332333c054759f89a706",
      "Requirements": []
    },
    "Matrix": {
      "Package": "Matrix",
      "Version": "1.5-3",
      "Source": "Repository",
      "Repository": "RSPM",
      "Hash": "4006dffe49958d2dd591c17e61e60591",
      "Requirements": [
        "lattice"
      ]
    },
    "R6": {
      "Package": "R6",
      "Version": "2.5.1",
      "Source": "Repository",
      "Repository": "CRAN",
      "Hash": "470851b6d5d0ac559e9d01bb352b4021",
      "Requirements": []
    },
    "RColorBrewer": {
      "Package": "RColorBrewer",
      "Version": "1.1-3",
      "Source": "Repository",
      "Repository": "CRAN",
      "Hash": "45f0398006e83a5b10b72a90663d8d8c",
      "Requirements": []
    },
    "Rcpp": {
      "Package": "Rcpp",
      "Version": "1.0.9",
      "Source": "Repository",
      "Repository": "CRAN",
      "Hash": "e9c08b94391e9f3f97355841229124f2",
      "Requirements": []
    },
    "askpass": {
      "Package": "askpass",
      "Version": "1.1",
      "Source": "Repository",
      "Repository": "CRAN",
      "Hash": "e8a22846fff485f0be3770c2da758713",
      "Requirements": [
        "sys"
      ]
    },
    "backports": {
      "Package": "backports",
      "Version": "1.4.1",
      "Source": "Repository",
      "Repository": "CRAN",
      "Hash": "c39fbec8a30d23e721980b8afb31984c",
      "Requirements": []
    },
    "base64enc": {
      "Package": "base64enc",
      "Version": "0.1-3",
      "Source": "Repository",
      "Repository": "CRAN",
      "Hash": "543776ae6848fde2f48ff3816d0628bc",
      "Requirements": []
    },
    "bayestestR": {
      "Package": "bayestestR",
      "Version": "0.13.0",
      "Source": "Repository",
      "Repository": "RSPM",
      "Hash": "caecf6cf095962f3d6645ddab4c691e8",
      "Requirements": [
        "datawizard",
        "insight"
      ]
    },
    "brio": {
      "Package": "brio",
      "Version": "1.1.3",
      "Source": "Repository",
      "Repository": "RSPM",
      "Hash": "976cf154dfb043c012d87cddd8bca363",
      "Requirements": []
    },
    "broom": {
      "Package": "broom",
      "Version": "1.0.1",
      "Source": "Repository",
      "Repository": "CRAN",
      "Hash": "c90ff735b7812b60f067a3f7a3b4de63",
      "Requirements": [
        "backports",
        "dplyr",
        "ellipsis",
        "generics",
        "ggplot2",
        "glue",
        "purrr",
        "rlang",
        "stringr",
        "tibble",
        "tidyr"
      ]
    },
    "bslib": {
      "Package": "bslib",
      "Version": "0.4.0",
      "Source": "Repository",
      "Repository": "CRAN",
      "Hash": "be5ee090716ce1671be6cd5d7c34d091",
      "Requirements": [
        "cachem",
        "htmltools",
        "jquerylib",
        "jsonlite",
        "memoise",
        "rlang",
        "sass"
      ]
    },
    "cachem": {
      "Package": "cachem",
      "Version": "1.0.6",
      "Source": "Repository",
      "Repository": "CRAN",
      "Hash": "648c5b3d71e6a37e3043617489a0a0e9",
      "Requirements": [
        "fastmap",
        "rlang"
      ]
    },
    "callr": {
      "Package": "callr",
      "Version": "3.7.3",
      "Source": "Repository",
      "Repository": "RSPM",
      "Hash": "9b2191ede20fa29828139b9900922e51",
      "Requirements": [
        "R6",
        "processx"
      ]
    },
    "cellranger": {
      "Package": "cellranger",
      "Version": "1.1.0",
      "Source": "Repository",
      "Repository": "RSPM",
      "Hash": "f61dbaec772ccd2e17705c1e872e9e7c",
      "Requirements": [
        "rematch",
        "tibble"
      ]
    },
    "checkmate": {
      "Package": "checkmate",
      "Version": "2.1.0",
      "Source": "Repository",
      "Repository": "RSPM",
      "Hash": "147e4db6909d8814bb30f671b49d7e06",
      "Requirements": [
        "backports"
      ]
    },
    "chronicler": {
      "Package": "chronicler",
      "Version": "0.2.0",
      "Source": "Repository",
      "Repository": "RSPM",
      "Hash": "2e88c77f8fe4778aca389dd709008132",
      "Requirements": [
        "clipr",
        "diffobj",
        "dplyr",
        "maybe",
        "rlang",
        "stringr",
        "tibble"
      ]
    },
    "cli": {
      "Package": "cli",
      "Version": "3.6.0",
      "Source": "Repository",
      "Repository": "RSPM",
      "Hash": "3177a5a16c243adc199ba33117bd9657",
      "Requirements": []
    },
    "clipr": {
      "Package": "clipr",
      "Version": "0.8.0",
      "Source": "Repository",
      "Repository": "RSPM",
      "Hash": "3f038e5ac7f41d4ac41ce658c85e3042",
      "Requirements": []
    },
    "colorspace": {
      "Package": "colorspace",
      "Version": "2.0-3",
      "Source": "Repository",
      "Repository": "CRAN",
      "Hash": "bb4341986bc8b914f0f0acf2e4a3f2f7",
      "Requirements": []
    },
    "cpp11": {
      "Package": "cpp11",
      "Version": "0.4.3",
      "Source": "Repository",
      "Repository": "CRAN",
      "Hash": "ed588261931ee3be2c700d22e94a29ab",
      "Requirements": []
    },
    "crayon": {
      "Package": "crayon",
      "Version": "1.5.2",
      "Source": "Repository",
      "Repository": "RSPM",
      "Hash": "e8a1e41acf02548751f45c718d55aa6a",
      "Requirements": []
    },
    "curl": {
      "Package": "curl",
      "Version": "5.0.0",
      "Source": "Repository",
      "Repository": "RSPM",
      "Hash": "e4f97056611e8e6b8b852d13b7400cf1",
      "Requirements": []
    },
    "data.table": {
      "Package": "data.table",
      "Version": "1.14.6",
      "Source": "Repository",
      "Repository": "RSPM",
      "Hash": "aecef50008ea7b57c76f1cb5c127fb02",
      "Requirements": []
    },
    "datawizard": {
      "Package": "datawizard",
      "Version": "0.6.5",
      "Source": "Repository",
      "Repository": "RSPM",
      "Hash": "6af559e24be9cec37516e37a00a6cfc3",
      "Requirements": [
        "insight"
      ]
    },
    "desc": {
      "Package": "desc",
      "Version": "1.4.2",
      "Source": "Repository",
      "Repository": "RSPM",
      "Hash": "6b9602c7ebbe87101a9c8edb6e8b6d21",
      "Requirements": [
        "R6",
        "cli",
        "rprojroot"
      ]
    },
    "diffobj": {
      "Package": "diffobj",
      "Version": "0.3.5",
      "Source": "Repository",
      "Repository": "RSPM",
      "Hash": "bcaa8b95f8d7d01a5dedfd959ce88ab8",
      "Requirements": [
        "crayon"
      ]
    },
    "digest": {
      "Package": "digest",
      "Version": "0.6.31",
      "Source": "Repository",
      "Repository": "RSPM",
      "Hash": "8b708f296afd9ae69f450f9640be8990",
      "Requirements": []
    },
    "dplyr": {
      "Package": "dplyr",
      "Version": "1.0.10",
      "Source": "Repository",
      "Repository": "CRAN",
      "Hash": "539412282059f7f0c07295723d23f987",
      "Requirements": [
        "R6",
        "generics",
        "glue",
        "lifecycle",
        "magrittr",
        "pillar",
        "rlang",
        "tibble",
        "tidyselect",
        "vctrs"
      ]
    },
    "ellipsis": {
      "Package": "ellipsis",
      "Version": "0.3.2",
      "Source": "Repository",
      "Repository": "CRAN",
      "Hash": "bb0eec2fe32e88d9e2836c2f73ea2077",
      "Requirements": [
        "rlang"
      ]
    },
    "evaluate": {
      "Package": "evaluate",
      "Version": "0.20",
      "Source": "Repository",
      "Repository": "RSPM",
      "Hash": "4b68aa51edd89a0e044a66e75ae3cc6c",
      "Requirements": []
    },
    "fansi": {
      "Package": "fansi",
      "Version": "1.0.3",
      "Source": "Repository",
      "Repository": "CRAN",
      "Hash": "83a8afdbe71839506baa9f90eebad7ec",
      "Requirements": []
    },
    "farver": {
      "Package": "farver",
      "Version": "2.1.1",
      "Source": "Repository",
      "Repository": "RSPM",
      "Hash": "8106d78941f34855c440ddb946b8f7a5",
      "Requirements": []
    },
    "fastmap": {
      "Package": "fastmap",
      "Version": "1.1.0",
      "Source": "Repository",
      "Repository": "CRAN",
      "Hash": "77bd60a6157420d4ffa93b27cf6a58b8",
      "Requirements": []
    },
    "flextable": {
      "Package": "flextable",
      "Version": "0.8.4",
      "Source": "Repository",
      "Repository": "RSPM",
      "Hash": "944948c3d956c72ad69de1a762816850",
      "Requirements": [
        "base64enc",
        "data.table",
        "gdtools",
        "htmltools",
        "knitr",
        "officer",
        "rlang",
        "rmarkdown",
        "uuid",
        "xml2"
      ]
    },
    "fs": {
      "Package": "fs",
      "Version": "1.5.2",
      "Source": "Repository",
      "Repository": "CRAN",
      "Hash": "7c89603d81793f0d5486d91ab1fc6f1d",
      "Requirements": []
    },
    "gdtools": {
      "Package": "gdtools",
      "Version": "0.2.4",
      "Source": "Repository",
      "Repository": "CRAN",
      "Hash": "bdfa7431687797edff8c9b0eb9271cc8",
      "Requirements": [
        "Rcpp",
        "systemfonts"
      ]
    },
    "generics": {
      "Package": "generics",
      "Version": "0.1.3",
      "Source": "Repository",
      "Repository": "CRAN",
      "Hash": "15e9634c0fcd294799e9b2e929ed1b86",
      "Requirements": []
    },
    "ggplot2": {
      "Package": "ggplot2",
      "Version": "3.3.6",
      "Source": "Repository",
      "Repository": "CRAN",
      "Hash": "0fb26d0674c82705c6b701d1a61e02ea",
      "Requirements": [
        "MASS",
        "digest",
        "glue",
        "gtable",
        "isoband",
        "mgcv",
        "rlang",
        "scales",
        "tibble",
        "withr"
      ]
    },
    "glue": {
      "Package": "glue",
      "Version": "1.6.2",
      "Source": "Repository",
      "Repository": "CRAN",
      "Hash": "4f2596dfb05dac67b9dc558e5c6fba2e",
      "Requirements": []
    },
    "gtable": {
      "Package": "gtable",
      "Version": "0.3.1",
      "Source": "Repository",
      "Repository": "CRAN",
      "Hash": "36b4265fb818f6a342bed217549cd896",
      "Requirements": []
    },
    "highr": {
      "Package": "highr",
      "Version": "0.10",
      "Source": "Repository",
      "Repository": "RSPM",
      "Hash": "06230136b2d2b9ba5805e1963fa6e890",
      "Requirements": [
        "xfun"
      ]
    },
    "hms": {
      "Package": "hms",
      "Version": "1.1.2",
      "Source": "Repository",
      "Repository": "RSPM",
      "Hash": "41100392191e1244b887878b533eea91",
      "Requirements": [
        "ellipsis",
        "lifecycle",
        "pkgconfig",
        "rlang",
        "vctrs"
      ]
    },
    "htmltools": {
      "Package": "htmltools",
      "Version": "0.5.4",
      "Source": "Repository",
      "Repository": "RSPM",
      "Hash": "9d27e99cc90bd701c0a7a63e5923f9b7",
      "Requirements": [
        "base64enc",
        "digest",
        "ellipsis",
        "fastmap",
        "rlang"
      ]
    },
    "httr": {
      "Package": "httr",
      "Version": "1.4.4",
      "Source": "Repository",
      "Repository": "RSPM",
      "Hash": "57557fac46471f0dbbf44705cc6a5c8c",
      "Requirements": [
        "R6",
        "curl",
        "jsonlite",
        "mime",
        "openssl"
      ]
    },
    "insight": {
      "Package": "insight",
      "Version": "0.18.8",
      "Source": "Repository",
      "Repository": "CRAN",
      "Hash": "63e5c0b19f7a78e13cda42e1c3b03549",
      "Requirements": []
    },
    "isoband": {
      "Package": "isoband",
      "Version": "0.2.7",
      "Source": "Repository",
      "Repository": "RSPM",
      "Hash": "0080607b4a1a7b28979aecef976d8bc2",
      "Requirements": []
    },
    "janitor": {
      "Package": "janitor",
      "Version": "2.1.0",
      "Source": "Repository",
      "Repository": "CRAN",
      "Hash": "6de84a8c67fb247e721166049c84695f",
      "Requirements": [
        "dplyr",
        "lifecycle",
        "lubridate",
        "magrittr",
        "purrr",
        "rlang",
        "snakecase",
        "stringi",
        "stringr",
        "tidyr",
        "tidyselect"
      ]
    },
    "jquerylib": {
      "Package": "jquerylib",
      "Version": "0.1.4",
      "Source": "Repository",
      "Repository": "CRAN",
      "Hash": "5aab57a3bd297eee1c1d862735972182",
      "Requirements": [
        "htmltools"
      ]
    },
    "jsonlite": {
      "Package": "jsonlite",
      "Version": "1.8.4",
      "Source": "Repository",
      "Repository": "RSPM",
      "Hash": "a4269a09a9b865579b2635c77e572374",
      "Requirements": []
    },
    "kableExtra": {
      "Package": "kableExtra",
      "Version": "1.3.4",
      "Source": "Repository",
      "Repository": "RSPM",
      "Hash": "49b625e6aabe4c5f091f5850aba8ff78",
      "Requirements": [
        "digest",
        "glue",
        "htmltools",
        "knitr",
        "magrittr",
        "rmarkdown",
        "rstudioapi",
        "rvest",
        "scales",
        "stringr",
        "svglite",
        "viridisLite",
        "webshot",
        "xml2"
      ]
    },
    "knitr": {
      "Package": "knitr",
      "Version": "1.40",
      "Source": "Repository",
      "Repository": "CRAN",
      "Hash": "caea8b0f899a0b1738444b9bc47067e7",
      "Requirements": [
        "evaluate",
        "highr",
        "stringr",
        "xfun",
        "yaml"
      ]
    },
    "labeling": {
      "Package": "labeling",
      "Version": "0.4.2",
      "Source": "Repository",
      "Repository": "CRAN",
      "Hash": "3d5108641f47470611a32d0bdf357a72",
      "Requirements": []
    },
    "lattice": {
      "Package": "lattice",
      "Version": "0.20-45",
      "Source": "Repository",
      "Repository": "CRAN",
      "Hash": "b64cdbb2b340437c4ee047a1f4c4377b",
      "Requirements": []
    },
    "lifecycle": {
      "Package": "lifecycle",
      "Version": "1.0.3",
      "Source": "Repository",
      "Repository": "RSPM",
      "Hash": "001cecbeac1cff9301bdc3775ee46a86",
      "Requirements": [
        "cli",
        "glue",
        "rlang"
      ]
    },
    "lubridate": {
      "Package": "lubridate",
      "Version": "1.9.1",
      "Source": "Repository",
      "Repository": "RSPM",
      "Hash": "88ad585eb49669b7f2db3f5ef3c8307d",
      "Requirements": [
        "generics",
        "timechange"
      ]
    },
    "magrittr": {
      "Package": "magrittr",
      "Version": "2.0.3",
      "Source": "Repository",
      "Repository": "CRAN",
      "Hash": "7ce2733a9826b3aeb1775d56fd305472",
      "Requirements": []
    },
    "maybe": {
      "Package": "maybe",
      "Version": "1.0.0",
      "Source": "Repository",
      "Repository": "RSPM",
      "Hash": "552da89611149c0a196373e5a2011a9c",
      "Requirements": [
        "magrittr"
      ]
    },
    "memoise": {
      "Package": "memoise",
      "Version": "2.0.1",
      "Source": "Repository",
      "Repository": "CRAN",
      "Hash": "e2817ccf4a065c5d9d7f2cfbe7c1d78c",
      "Requirements": [
        "cachem",
        "rlang"
      ]
    },
    "mgcv": {
      "Package": "mgcv",
      "Version": "1.8-41",
      "Source": "Repository",
      "Repository": "CRAN",
      "Hash": "6b3904f13346742caa3e82dd0303d4ad",
      "Requirements": [
        "Matrix",
        "nlme"
      ]
    },
    "mime": {
      "Package": "mime",
      "Version": "0.12",
      "Source": "Repository",
      "Repository": "RSPM",
      "Hash": "18e9c28c1d3ca1560ce30658b22ce104",
      "Requirements": []
    },
    "modelsummary": {
      "Package": "modelsummary",
      "Version": "1.3.0",
      "Source": "Repository",
      "Repository": "RSPM",
      "Hash": "ae3fc0f76f5f8cc9e9eb77a59b604c06",
      "Requirements": [
        "broom",
        "checkmate",
        "data.table",
        "generics",
        "glue",
        "insight",
        "kableExtra",
        "parameters",
        "performance",
        "tables"
      ]
    },
    "munsell": {
      "Package": "munsell",
      "Version": "0.5.0",
      "Source": "Repository",
      "Repository": "CRAN",
      "Hash": "6dfe8bf774944bd5595785e3229d8771",
      "Requirements": [
        "colorspace"
      ]
    },
    "nlme": {
      "Package": "nlme",
      "Version": "3.1-161",
      "Source": "Repository",
      "Repository": "RSPM",
      "Hash": "b49e163093c0ef46fbbfc40bcb87916c",
      "Requirements": [
        "lattice"
      ]
    },
    "officer": {
      "Package": "officer",
      "Version": "0.5.1",
      "Source": "Repository",
      "Repository": "RSPM",
      "Hash": "ccb8022c7875c4d8fd1655fc2d577e37",
      "Requirements": [
        "R6",
        "openssl",
        "uuid",
        "xml2",
        "zip"
      ]
    },
    "openssl": {
      "Package": "openssl",
      "Version": "2.0.5",
      "Source": "Repository",
      "Repository": "RSPM",
      "Hash": "b04c27110bf367b4daa93f34f3d58e75",
      "Requirements": [
        "askpass"
      ]
    },
    "parameters": {
      "Package": "parameters",
      "Version": "0.20.1",
      "Source": "Repository",
      "Repository": "RSPM",
      "Hash": "dbdaad2c10e5ddc939cc06b09a189e96",
      "Requirements": [
        "bayestestR",
        "datawizard",
        "insight"
      ]
    },
    "performance": {
      "Package": "performance",
      "Version": "0.10.2",
      "Source": "Repository",
      "Repository": "RSPM",
      "Hash": "912b1a00a859efe958c7b9bae210db18",
      "Requirements": [
        "bayestestR",
        "datawizard",
        "insight"
      ]
    },
    "pillar": {
      "Package": "pillar",
      "Version": "1.8.1",
      "Source": "Repository",
      "Repository": "CRAN",
      "Hash": "f2316df30902c81729ae9de95ad5a608",
      "Requirements": [
        "cli",
        "fansi",
        "glue",
        "lifecycle",
        "rlang",
        "utf8",
        "vctrs"
      ]
    },
    "pkgconfig": {
      "Package": "pkgconfig",
      "Version": "2.0.3",
      "Source": "Repository",
      "Repository": "CRAN",
      "Hash": "01f28d4278f15c76cddbea05899c5d6f",
      "Requirements": []
    },
    "pkgload": {
      "Package": "pkgload",
      "Version": "1.3.2",
      "Source": "Repository",
      "Repository": "RSPM",
      "Hash": "6b0c222c5071efe0f3baf3dae9aa40e2",
      "Requirements": [
        "cli",
        "crayon",
        "desc",
        "fs",
        "glue",
        "rlang",
        "rprojroot",
        "withr"
      ]
    },
    "praise": {
      "Package": "praise",
      "Version": "1.0.0",
      "Source": "Repository",
      "Repository": "RSPM",
      "Hash": "a555924add98c99d2f411e37e7d25e9f",
      "Requirements": []
    },
    "prettyunits": {
      "Package": "prettyunits",
      "Version": "1.1.1",
      "Source": "Repository",
      "Repository": "CRAN",
      "Hash": "95ef9167b75dde9d2ccc3c7528393e7e",
      "Requirements": []
    },
    "processx": {
      "Package": "processx",
      "Version": "3.8.0",
      "Source": "Repository",
      "Repository": "RSPM",
      "Hash": "a33ee2d9bf07564efb888ad98410da84",
      "Requirements": [
        "R6",
        "ps"
      ]
    },
    "progress": {
      "Package": "progress",
      "Version": "1.2.2",
      "Source": "Repository",
      "Repository": "RSPM",
      "Hash": "14dc9f7a3c91ebb14ec5bb9208a07061",
      "Requirements": [
        "R6",
        "crayon",
        "hms",
        "prettyunits"
      ]
    },
    "ps": {
      "Package": "ps",
      "Version": "1.7.2",
      "Source": "Repository",
      "Repository": "RSPM",
      "Hash": "68dd03d98a5efd1eb3012436de45ba83",
      "Requirements": []
    },
    "purrr": {
      "Package": "purrr",
      "Version": "1.0.1",
      "Source": "Repository",
      "Repository": "RSPM",
      "Hash": "d71c815267c640f17ddbf7f16144b4bb",
      "Requirements": [
        "cli",
        "lifecycle",
        "magrittr",
        "rlang",
        "vctrs"
      ]
    },
    "rappdirs": {
      "Package": "rappdirs",
      "Version": "0.3.3",
      "Source": "Repository",
      "Repository": "CRAN",
      "Hash": "5e3c5dc0b071b21fa128676560dbe94d",
      "Requirements": []
    },
    "readxl": {
      "Package": "readxl",
      "Version": "1.4.1",
      "Source": "Repository",
      "Repository": "RSPM",
      "Hash": "5c1fbc365ac0a3fe7728ac79108b8e64",
      "Requirements": [
        "cellranger",
        "cpp11",
        "progress",
        "tibble"
      ]
    },
    "rematch": {
      "Package": "rematch",
      "Version": "1.0.1",
      "Source": "Repository",
      "Repository": "RSPM",
      "Hash": "c66b930d20bb6d858cd18e1cebcfae5c",
      "Requirements": []
    },
    "rematch2": {
      "Package": "rematch2",
      "Version": "2.1.2",
      "Source": "Repository",
      "Repository": "RSPM",
      "Hash": "76c9e04c712a05848ae7a23d2f170a40",
      "Requirements": [
        "tibble"
      ]
    },
    "renv": {
      "Package": "renv",
      "Version": "0.16.0",
      "Source": "Repository",
      "Repository": "RSPM",
      "Hash": "c9e8442ab69bc21c9697ecf856c1e6c7",
      "Requirements": []
    },
    "rlang": {
      "Package": "rlang",
      "Version": "1.0.6",
      "Source": "Repository",
      "Repository": "CRAN",
      "Hash": "4ed1f8336c8d52c3e750adcdc57228a7",
      "Requirements": []
    },
    "rmarkdown": {
      "Package": "rmarkdown",
      "Version": "2.16",
      "Source": "Repository",
      "Repository": "CRAN",
      "Hash": "0f3eaa1547e2c6880d4de1c043ac6826",
      "Requirements": [
        "bslib",
        "evaluate",
        "htmltools",
        "jquerylib",
        "jsonlite",
        "knitr",
        "stringr",
        "tinytex",
        "xfun",
        "yaml"
      ]
    },
    "rprojroot": {
      "Package": "rprojroot",
      "Version": "2.0.3",
      "Source": "Repository",
      "Repository": "RSPM",
      "Hash": "1de7ab598047a87bba48434ba35d497d",
      "Requirements": []
    },
    "rstudioapi": {
      "Package": "rstudioapi",
      "Version": "0.14",
      "Source": "Repository",
      "Repository": "CRAN",
      "Hash": "690bd2acc42a9166ce34845884459320",
      "Requirements": []
    },
    "rvest": {
      "Package": "rvest",
      "Version": "1.0.3",
      "Source": "Repository",
      "Repository": "RSPM",
      "Hash": "a4a5ac819a467808c60e36e92ddf195e",
      "Requirements": [
        "cli",
        "glue",
        "httr",
        "lifecycle",
        "magrittr",
        "rlang",
        "selectr",
        "tibble",
        "withr",
        "xml2"
      ]
    },
    "sass": {
      "Package": "sass",
      "Version": "0.4.2",
      "Source": "Repository",
      "Repository": "CRAN",
      "Hash": "1b191143d7d3444d504277843f3a95fe",
      "Requirements": [
        "R6",
        "fs",
        "htmltools",
        "rappdirs",
        "rlang"
      ]
    },
    "scales": {
      "Package": "scales",
      "Version": "1.2.1",
      "Source": "Repository",
      "Repository": "CRAN",
      "Hash": "906cb23d2f1c5680b8ce439b44c6fa63",
      "Requirements": [
        "R6",
        "RColorBrewer",
        "farver",
        "labeling",
        "lifecycle",
        "munsell",
        "rlang",
        "viridisLite"
      ]
    },
    "selectr": {
      "Package": "selectr",
      "Version": "0.4-2",
      "Source": "Repository",
      "Repository": "RSPM",
      "Hash": "3838071b66e0c566d55cc26bd6e27bf4",
      "Requirements": [
        "R6",
        "stringr"
      ]
    },
    "snakecase": {
      "Package": "snakecase",
      "Version": "0.11.0",
      "Source": "Repository",
      "Repository": "CRAN",
      "Hash": "4079070fc210c7901c0832a3aeab894f",
      "Requirements": [
        "stringi",
        "stringr"
      ]
    },
    "stringi": {
      "Package": "stringi",
      "Version": "1.7.12",
      "Source": "Repository",
      "Repository": "RSPM",
      "Hash": "ca8bd84263c77310739d2cf64d84d7c9",
      "Requirements": []
    },
    "stringr": {
      "Package": "stringr",
      "Version": "1.4.1",
      "Source": "Repository",
      "Repository": "CRAN",
      "Hash": "a66ad12140cd34d4f9dfcc19e84fc2a5",
      "Requirements": [
        "glue",
        "magrittr",
        "stringi"
      ]
    },
    "svglite": {
      "Package": "svglite",
      "Version": "2.1.1",
      "Source": "Repository",
      "Repository": "RSPM",
      "Hash": "29442899581643411facb66f4add846a",
      "Requirements": [
        "cpp11",
        "systemfonts"
      ]
    },
    "sys": {
      "Package": "sys",
      "Version": "3.4.1",
      "Source": "Repository",
      "Repository": "CRAN",
      "Hash": "34c16f1ef796057bfa06d3f4ff818a5d",
      "Requirements": []
    },
    "systemfonts": {
      "Package": "systemfonts",
      "Version": "1.0.4",
      "Source": "Repository",
      "Repository": "RSPM",
      "Hash": "90b28393209827327de889f49935140a",
      "Requirements": [
        "cpp11"
      ]
    },
    "tables": {
      "Package": "tables",
      "Version": "0.9.10",
      "Source": "Repository",
      "Repository": "RSPM",
      "Hash": "ed2d1baf1c2e2f4684e3c3971196a19e",
      "Requirements": [
        "htmltools",
        "knitr"
      ]
    },
    "testthat": {
      "Package": "testthat",
      "Version": "3.1.6",
      "Source": "Repository",
      "Repository": "RSPM",
      "Hash": "7910146255835c66e9eb272fb215248d",
      "Requirements": [
        "R6",
        "brio",
        "callr",
        "cli",
        "desc",
        "digest",
        "ellipsis",
        "evaluate",
        "jsonlite",
        "lifecycle",
        "magrittr",
        "pkgload",
        "praise",
        "processx",
        "ps",
        "rlang",
        "waldo",
        "withr"
      ]
    },
    "tibble": {
      "Package": "tibble",
      "Version": "3.1.8",
      "Source": "Repository",
      "Repository": "CRAN",
      "Hash": "56b6934ef0f8c68225949a8672fe1a8f",
      "Requirements": [
        "fansi",
        "lifecycle",
        "magrittr",
        "pillar",
        "pkgconfig",
        "rlang",
        "vctrs"
      ]
    },
    "tidyr": {
      "Package": "tidyr",
      "Version": "1.2.1",
      "Source": "Repository",
      "Repository": "CRAN",
      "Hash": "cdb403db0de33ccd1b6f53b83736efa8",
      "Requirements": [
        "cpp11",
        "dplyr",
        "ellipsis",
        "glue",
        "lifecycle",
        "magrittr",
        "purrr",
        "rlang",
        "tibble",
        "tidyselect",
        "vctrs"
      ]
    },
    "tidyselect": {
      "Package": "tidyselect",
      "Version": "1.2.0",
      "Source": "Repository",
      "Repository": "RSPM",
      "Hash": "79540e5fcd9e0435af547d885f184fd5",
      "Requirements": [
        "cli",
        "glue",
        "lifecycle",
        "rlang",
        "vctrs",
        "withr"
      ]
    },
    "timechange": {
      "Package": "timechange",
      "Version": "0.2.0",
      "Source": "Repository",
      "Repository": "RSPM",
      "Hash": "8548b44f79a35ba1791308b61e6012d7",
      "Requirements": [
        "cpp11"
      ]
    },
    "tinytex": {
      "Package": "tinytex",
      "Version": "0.42",
      "Source": "Repository",
      "Repository": "CRAN",
      "Hash": "7629c6c1540835d5248e6e7df265fa74",
      "Requirements": [
        "xfun"
      ]
    },
    "utf8": {
      "Package": "utf8",
      "Version": "1.2.2",
      "Source": "Repository",
      "Repository": "CRAN",
      "Hash": "c9c462b759a5cc844ae25b5942654d13",
      "Requirements": []
    },
    "uuid": {
      "Package": "uuid",
      "Version": "1.1-0",
      "Source": "Repository",
      "Repository": "RSPM",
      "Hash": "f1cb46c157d080b729159d407be83496",
      "Requirements": []
    },
    "vctrs": {
      "Package": "vctrs",
      "Version": "0.5.1",
      "Source": "Repository",
      "Repository": "RSPM",
      "Hash": "970324f6572b4fd81db507b5d4062cb0",
      "Requirements": [
        "cli",
        "glue",
        "lifecycle",
        "rlang"
      ]
    },
    "viridisLite": {
      "Package": "viridisLite",
      "Version": "0.4.1",
      "Source": "Repository",
      "Repository": "CRAN",
      "Hash": "62f4b5da3e08d8e5bcba6cac15603f70",
      "Requirements": []
    },
    "waldo": {
      "Package": "waldo",
      "Version": "0.4.0",
      "Source": "Repository",
      "Repository": "RSPM",
      "Hash": "035fba89d0c86e2113120f93301b98ad",
      "Requirements": [
        "cli",
        "diffobj",
        "fansi",
        "glue",
        "rematch2",
        "rlang",
        "tibble"
      ]
    },
    "webshot": {
      "Package": "webshot",
      "Version": "0.5.4",
      "Source": "Repository",
      "Repository": "RSPM",
      "Hash": "cfd9342c76693ae53108a474aafa1641",
      "Requirements": [
        "callr",
        "jsonlite",
        "magrittr"
      ]
    },
    "withr": {
      "Package": "withr",
      "Version": "2.5.0",
      "Source": "Repository",
      "Repository": "CRAN",
      "Hash": "c0e49a9760983e81e55cdd9be92e7182",
      "Requirements": []
    },
    "xfun": {
      "Package": "xfun",
      "Version": "0.36",
      "Source": "Repository",
      "Repository": "RSPM",
      "Hash": "f5baec54606751aa53ac9c0e05848ed6",
      "Requirements": []
    },
    "xml2": {
      "Package": "xml2",
      "Version": "1.3.3",
      "Source": "Repository",
      "Repository": "RSPM",
      "Hash": "40682ed6a969ea5abfd351eb67833adc",
      "Requirements": []
    },
    "yaml": {
      "Package": "yaml",
      "Version": "2.3.6",
      "Source": "Repository",
      "Repository": "CRAN",
      "Hash": "9b570515751dcbae610f29885e025b41",
      "Requirements": []
    },
    "zip": {
      "Package": "zip",
      "Version": "2.2.2",
      "Source": "Repository",
      "Repository": "CRAN",
      "Hash": "c42bfcec3fa6a0cce17ce1f8bc684f88",
      "Requirements": []
    }
  }
}
